
Microsoft Visual Studio Solution File, Format Version 12.00
# Visual Studio 14
VisualStudioVersion = 14.0.24720.0
MinimumVisualStudioVersion = 10.0.40219.1
Project("{FAE04EC0-301F-11D3-BF4B-00C04F79EFBC}") = "LojaNinja.MVC", "LojaNinja.MVC\LojaNinja.MVC.csproj", "{EAA7FB88-C862-4473-BA7D-6B0E1F2A9F9C}"
EndProject
Project("{2150E333-8FDC-42A3-9474-1A3956D46DE8}") = "1 - UI", "1 - UI", "{AFBF466A-1F10-428D-84A2-E6B17C41AE98}"
EndProject
Project("{2150E333-8FDC-42A3-9474-1A3956D46DE8}") = "2 - Dominio", "2 - Dominio", "{1F46387A-0E4A-4E6C-8FFC-114E96B61592}"
EndProject
Project("{2150E333-8FDC-42A3-9474-1A3956D46DE8}") = "3 - Infraestrutura", "3 - Infraestrutura", "{D3F81A69-4A8C-4766-8FF8-5CAC2C2D25C6}"
	ProjectSection(SolutionItems) = preProject
		LojaNinja.Dominio\Pedido.cs = LojaNinja.Dominio\Pedido.cs
	EndProjectSection
EndProject
Project("{FAE04EC0-301F-11D3-BF4B-00C04F79EFBC}") = "LojaNinja.Dominio", "LojaNinja.Dominio\LojaNinja.Dominio.csproj", "{731B1977-F79F-4F62-B3A2-DAD39D74E37B}"
EndProject
Project("{FAE04EC0-301F-11D3-BF4B-00C04F79EFBC}") = "LojaNinja.Dominio.Test", "LojaNinja.Dominio.Test\LojaNinja.Dominio.Test.csproj", "{749F21ED-1AF4-434C-99B9-75769EFF4CCB}"
EndProject
Project("{FAE04EC0-301F-11D3-BF4B-00C04F79EFBC}") = "LojaNinja.Repositorio", "LojaNinja.Repositorio\LojaNinja.Repositorio.csproj", "{B0EB0863-93A5-42AE-8D7B-4BC549FDB5F0}"
EndProject
Global
	GlobalSection(SolutionConfigurationPlatforms) = preSolution
		Debug|Any CPU = Debug|Any CPU
		Release|Any CPU = Release|Any CPU
	EndGlobalSection
	GlobalSection(ProjectConfigurationPlatforms) = postSolution
		{EAA7FB88-C862-4473-BA7D-6B0E1F2A9F9C}.Debug|Any CPU.ActiveCfg = Debug|Any CPU
		{EAA7FB88-C862-4473-BA7D-6B0E1F2A9F9C}.Debug|Any CPU.Build.0 = Debug|Any CPU
		{EAA7FB88-C862-4473-BA7D-6B0E1F2A9F9C}.Release|Any CPU.ActiveCfg = Release|Any CPU
		{EAA7FB88-C862-4473-BA7D-6B0E1F2A9F9C}.Release|Any CPU.Build.0 = Release|Any CPU
		{731B1977-F79F-4F62-B3A2-DAD39D74E37B}.Debug|Any CPU.ActiveCfg = Debug|Any CPU
		{731B1977-F79F-4F62-B3A2-DAD39D74E37B}.Debug|Any CPU.Build.0 = Debug|Any CPU
		{731B1977-F79F-4F62-B3A2-DAD39D74E37B}.Release|Any CPU.ActiveCfg = Release|Any CPU
		{731B1977-F79F-4F62-B3A2-DAD39D74E37B}.Release|Any CPU.Build.0 = Release|Any CPU
		{749F21ED-1AF4-434C-99B9-75769EFF4CCB}.Debug|Any CPU.ActiveCfg = Debug|Any CPU
		{749F21ED-1AF4-434C-99B9-75769EFF4CCB}.Debug|Any CPU.Build.0 = Debug|Any CPU
		{749F21ED-1AF4-434C-99B9-75769EFF4CCB}.Release|Any CPU.ActiveCfg = Release|Any CPU
		{749F21ED-1AF4-434C-99B9-75769EFF4CCB}.Release|Any CPU.Build.0 = Release|Any CPU
		{B0EB0863-93A5-42AE-8D7B-4BC549FDB5F0}.Debug|Any CPU.ActiveCfg = Debug|Any CPU
		{B0EB0863-93A5-42AE-8D7B-4BC549FDB5F0}.Debug|Any CPU.Build.0 = Debug|Any CPU
		{B0EB0863-93A5-42AE-8D7B-4BC549FDB5F0}.Release|Any CPU.ActiveCfg = Release|Any CPU
		{B0EB0863-93A5-42AE-8D7B-4BC549FDB5F0}.Release|Any CPU.Build.0 = Release|Any CPU
	EndGlobalSection
	GlobalSection(SolutionProperties) = preSolution
		HideSolutionNode = FALSE
	EndGlobalSection
	GlobalSection(NestedProjects) = preSolution
		{EAA7FB88-C862-4473-BA7D-6B0E1F2A9F9C} = {AFBF466A-1F10-428D-84A2-E6B17C41AE98}
		{731B1977-F79F-4F62-B3A2-DAD39D74E37B} = {1F46387A-0E4A-4E6C-8FFC-114E96B61592}
		{749F21ED-1AF4-434C-99B9-75769EFF4CCB} = {1F46387A-0E4A-4E6C-8FFC-114E96B61592}
		{B0EB0863-93A5-42AE-8D7B-4BC549FDB5F0} = {D3F81A69-4A8C-4766-8FF8-5CAC2C2D25C6}
	EndGlobalSection
EndGlobal
