
Microsoft Visual Studio Solution File, Format Version 12.00
# Visual Studio 14
VisualStudioVersion = 14.0.24720.0
MinimumVisualStudioVersion = 10.0.40219.1
Project("{FAE04EC0-301F-11D3-BF4B-00C04F79EFBC}") = "JogoMegaMan", "JogoMegaMan\JogoMegaMan.csproj", "{705A71B2-7990-49FE-90FD-C53D7CFCEBAD}"
EndProject
Project("{FAE04EC0-301F-11D3-BF4B-00C04F79EFBC}") = "JogoMegaManTest", "JogoMegaManTest\JogoMegaManTest.csproj", "{CBACD90D-BA61-426A-A205-8A90F85BA50D}"
EndProject
Global
	GlobalSection(SolutionConfigurationPlatforms) = preSolution
		Debug|Any CPU = Debug|Any CPU
		Release|Any CPU = Release|Any CPU
	EndGlobalSection
	GlobalSection(ProjectConfigurationPlatforms) = postSolution
		{705A71B2-7990-49FE-90FD-C53D7CFCEBAD}.Debug|Any CPU.ActiveCfg = Debug|Any CPU
		{705A71B2-7990-49FE-90FD-C53D7CFCEBAD}.Debug|Any CPU.Build.0 = Debug|Any CPU
		{705A71B2-7990-49FE-90FD-C53D7CFCEBAD}.Release|Any CPU.ActiveCfg = Release|Any CPU
		{705A71B2-7990-49FE-90FD-C53D7CFCEBAD}.Release|Any CPU.Build.0 = Release|Any CPU
		{CBACD90D-BA61-426A-A205-8A90F85BA50D}.Debug|Any CPU.ActiveCfg = Debug|Any CPU
		{CBACD90D-BA61-426A-A205-8A90F85BA50D}.Debug|Any CPU.Build.0 = Debug|Any CPU
		{CBACD90D-BA61-426A-A205-8A90F85BA50D}.Release|Any CPU.ActiveCfg = Release|Any CPU
		{CBACD90D-BA61-426A-A205-8A90F85BA50D}.Release|Any CPU.Build.0 = Release|Any CPU
	EndGlobalSection
	GlobalSection(SolutionProperties) = preSolution
		HideSolutionNode = FALSE
	EndGlobalSection
EndGlobal
